
Microsoft Visual Studio Solution File, Format Version 12.00
# Visual Studio Version 16
VisualStudioVersion = 16.0.29409.12
MinimumVisualStudioVersion = 10.0.40219.1
Project("{FAE04EC0-301F-11D3-BF4B-00C04F79EFBC}") = "FootballLeague", "FootballLeague\FootballLeague.csproj", "{192ACB57-DFD6-48D6-B2DD-DD1B11C49ECF}"
EndProject
Project("{FAE04EC0-301F-11D3-BF4B-00C04F79EFBC}") = "FootballLeague.Data", "FootballLeague.Data\FootballLeague.Data.csproj", "{8AEAFC10-34D4-417C-85F7-BC9CF23F4F48}"
EndProject
Project("{FAE04EC0-301F-11D3-BF4B-00C04F79EFBC}") = "FootballLeague.Controllers", "FootballLeague.Controllers\FootballLeague.Controllers.csproj", "{EFAD77B8-0D86-45DD-AB04-9039BD3F17C0}"
EndProject
Project("{FAE04EC0-301F-11D3-BF4B-00C04F79EFBC}") = "FootballLeague.Services", "FootballLeague.Services\FootballLeague.Services.csproj", "{53032644-5EA0-44E6-AB5D-2C286808CC45}"
EndProject
Project("{FAE04EC0-301F-11D3-BF4B-00C04F79EFBC}") = "FootballLeague.Test", "FootballLeague.Test\FootballLeague.Test.csproj", "{22BA7D92-4496-42B1-B8C3-C1D7D60B6F3C}"
EndProject
Global
	GlobalSection(SolutionConfigurationPlatforms) = preSolution
		Debug|Any CPU = Debug|Any CPU
		Release|Any CPU = Release|Any CPU
	EndGlobalSection
	GlobalSection(ProjectConfigurationPlatforms) = postSolution
		{192ACB57-DFD6-48D6-B2DD-DD1B11C49ECF}.Debug|Any CPU.ActiveCfg = Debug|Any CPU
		{192ACB57-DFD6-48D6-B2DD-DD1B11C49ECF}.Debug|Any CPU.Build.0 = Debug|Any CPU
		{192ACB57-DFD6-48D6-B2DD-DD1B11C49ECF}.Release|Any CPU.ActiveCfg = Release|Any CPU
		{192ACB57-DFD6-48D6-B2DD-DD1B11C49ECF}.Release|Any CPU.Build.0 = Release|Any CPU
		{8AEAFC10-34D4-417C-85F7-BC9CF23F4F48}.Debug|Any CPU.ActiveCfg = Debug|Any CPU
		{8AEAFC10-34D4-417C-85F7-BC9CF23F4F48}.Debug|Any CPU.Build.0 = Debug|Any CPU
		{8AEAFC10-34D4-417C-85F7-BC9CF23F4F48}.Release|Any CPU.ActiveCfg = Release|Any CPU
		{8AEAFC10-34D4-417C-85F7-BC9CF23F4F48}.Release|Any CPU.Build.0 = Release|Any CPU
		{EFAD77B8-0D86-45DD-AB04-9039BD3F17C0}.Debug|Any CPU.ActiveCfg = Debug|Any CPU
		{EFAD77B8-0D86-45DD-AB04-9039BD3F17C0}.Debug|Any CPU.Build.0 = Debug|Any CPU
		{EFAD77B8-0D86-45DD-AB04-9039BD3F17C0}.Release|Any CPU.ActiveCfg = Release|Any CPU
		{EFAD77B8-0D86-45DD-AB04-9039BD3F17C0}.Release|Any CPU.Build.0 = Release|Any CPU
		{53032644-5EA0-44E6-AB5D-2C286808CC45}.Debug|Any CPU.ActiveCfg = Debug|Any CPU
		{53032644-5EA0-44E6-AB5D-2C286808CC45}.Debug|Any CPU.Build.0 = Debug|Any CPU
		{53032644-5EA0-44E6-AB5D-2C286808CC45}.Release|Any CPU.ActiveCfg = Release|Any CPU
		{53032644-5EA0-44E6-AB5D-2C286808CC45}.Release|Any CPU.Build.0 = Release|Any CPU
		{22BA7D92-4496-42B1-B8C3-C1D7D60B6F3C}.Debug|Any CPU.ActiveCfg = Debug|Any CPU
		{22BA7D92-4496-42B1-B8C3-C1D7D60B6F3C}.Debug|Any CPU.Build.0 = Debug|Any CPU
		{22BA7D92-4496-42B1-B8C3-C1D7D60B6F3C}.Release|Any CPU.ActiveCfg = Release|Any CPU
		{22BA7D92-4496-42B1-B8C3-C1D7D60B6F3C}.Release|Any CPU.Build.0 = Release|Any CPU
	EndGlobalSection
	GlobalSection(SolutionProperties) = preSolution
		HideSolutionNode = FALSE
	EndGlobalSection
	GlobalSection(ExtensibilityGlobals) = postSolution
		SolutionGuid = {C64F9673-62C0-4A6A-A9E3-A6C86A41C57E}
	EndGlobalSection
EndGlobal
